// !$*UTF8*$!
{
	archiveVersion = 1;
	classes = {
	};
	objectVersion = 46;
	objects = {

/* Begin PBXAggregateTarget section */
		05CC91641128CAA8001912D5 /* Tests */ = {
			isa = PBXAggregateTarget;
			buildConfigurationList = 05CC91771128CAF2001912D5 /* Build configuration list for PBXAggregateTarget "Tests" */;
			buildPhases = (
			);
			dependencies = (
				05CC916A1128CAAD001912D5 /* PBXTargetDependency */,
				05CC91681128CAAC001912D5 /* PBXTargetDependency */,
			);
			name = Tests;
			productName = Tests;
		};
		05CC975611294830001912D5 /* Disk Image */ = {
			isa = PBXAggregateTarget;
			buildConfigurationList = 05CC97611129484E001912D5 /* Build configuration list for PBXAggregateTarget "Disk Image" */;
			buildPhases = (
				05CC975511294830001912D5 /* Create Disk Image */,
			);
			dependencies = (
				05CC975C11294840001912D5 /* PBXTargetDependency */,
				05CC975E11294843001912D5 /* PBXTargetDependency */,
			);
			name = "Disk Image";
			productName = "Disk Image";
		};
/* End PBXAggregateTarget section */

/* Begin PBXBuildFile section */
		0519EF79154075FB00AD2B48 /* PLExecutableBinary.h in Headers */ = {isa = PBXBuildFile; fileRef = 0519EF77154075FB00AD2B48 /* PLExecutableBinary.h */; };
		0519EF7A154075FB00AD2B48 /* PLExecutableBinary.m in Sources */ = {isa = PBXBuildFile; fileRef = 0519EF78154075FB00AD2B48 /* PLExecutableBinary.m */; };
		0519EF7D1540779200AD2B48 /* PLExecutableBinaryTests.m in Sources */ = {isa = PBXBuildFile; fileRef = 0519EF7C1540779200AD2B48 /* PLExecutableBinaryTests.m */; };
		0519EF8015407BAE00AD2B48 /* PLUniversalBinary.h in Headers */ = {isa = PBXBuildFile; fileRef = 0519EF7E15407BAD00AD2B48 /* PLUniversalBinary.h */; };
		0519EF8115407BAE00AD2B48 /* PLUniversalBinary.m in Sources */ = {isa = PBXBuildFile; fileRef = 0519EF7F15407BAE00AD2B48 /* PLUniversalBinary.m */; };
		0519EF8415407F2B00AD2B48 /* PLUniversalBinaryTests.m in Sources */ = {isa = PBXBuildFile; fileRef = 0519EF8315407F2B00AD2B48 /* PLUniversalBinaryTests.m */; };
		0519EF87154081A000AD2B48 /* PLMachO.m in Sources */ = {isa = PBXBuildFile; fileRef = 0519EF86154081A000AD2B48 /* PLMachO.m */; };
		052259BA1129FE2E00A83450 /* Bundler.icns in Resources */ = {isa = PBXBuildFile; fileRef = 052259B91129FE2E00A83450 /* Bundler.icns */; };
		0523F61511269281004FB4EB /* main.m in Sources */ = {isa = PBXBuildFile; fileRef = 0523F61211269281004FB4EB /* main.m */; };
		0523F61611269281004FB4EB /* LauncherAppDelegate.m in Sources */ = {isa = PBXBuildFile; fileRef = 0523F61411269281004FB4EB /* LauncherAppDelegate.m */; };
		0523F61E11269298004FB4EB /* MainMenu.xib in Resources */ = {isa = PBXBuildFile; fileRef = 0523F61A11269298004FB4EB /* MainMenu.xib */; };
		0523F67D112699D0004FB4EB /* PLTestCase.m in Sources */ = {isa = PBXBuildFile; fileRef = 0523F67C112699D0004FB4EB /* PLTestCase.m */; };
		054C8119112B9D53006D87F6 /* PLSimulatorDeviceFamily.h in Headers */ = {isa = PBXBuildFile; fileRef = 054C8117112B9D53006D87F6 /* PLSimulatorDeviceFamily.h */; };
		054C811A112B9D53006D87F6 /* PLSimulatorDeviceFamily.m in Sources */ = {isa = PBXBuildFile; fileRef = 054C8118112B9D53006D87F6 /* PLSimulatorDeviceFamily.m */; };
		054C8120112B9D89006D87F6 /* PLSimulatorDeviceFamilyTests.m in Sources */ = {isa = PBXBuildFile; fileRef = 054C811F112B9D89006D87F6 /* PLSimulatorDeviceFamilyTests.m */; };
		05CC910F1128C92F001912D5 /* PLSimulator.h in Headers */ = {isa = PBXBuildFile; fileRef = 05CC91001128C92F001912D5 /* PLSimulator.h */; };
		05CC91101128C92F001912D5 /* PLSimulator.m in Sources */ = {isa = PBXBuildFile; fileRef = 05CC91011128C92F001912D5 /* PLSimulator.m */; };
		05CC91111128C92F001912D5 /* PLSimulatorApplication.h in Headers */ = {isa = PBXBuildFile; fileRef = 05CC91021128C92F001912D5 /* PLSimulatorApplication.h */; };
		05CC91121128C92F001912D5 /* PLSimulatorApplication.m in Sources */ = {isa = PBXBuildFile; fileRef = 05CC91031128C92F001912D5 /* PLSimulatorApplication.m */; };
		05CC91131128C92F001912D5 /* PLSimulatorDiscovery.h in Headers */ = {isa = PBXBuildFile; fileRef = 05CC91041128C92F001912D5 /* PLSimulatorDiscovery.h */; };
		05CC91141128C92F001912D5 /* PLSimulatorDiscovery.m in Sources */ = {isa = PBXBuildFile; fileRef = 05CC91051128C92F001912D5 /* PLSimulatorDiscovery.m */; };
		05CC91161128C92F001912D5 /* PLSimulatorPlatform.h in Headers */ = {isa = PBXBuildFile; fileRef = 05CC91071128C92F001912D5 /* PLSimulatorPlatform.h */; };
		05CC91171128C92F001912D5 /* PLSimulatorPlatform.m in Sources */ = {isa = PBXBuildFile; fileRef = 05CC91081128C92F001912D5 /* PLSimulatorPlatform.m */; };
		05CC91191128C92F001912D5 /* PLSimulatorSDK.h in Headers */ = {isa = PBXBuildFile; fileRef = 05CC910A1128C92F001912D5 /* PLSimulatorSDK.h */; };
		05CC911A1128C92F001912D5 /* PLSimulatorSDK.m in Sources */ = {isa = PBXBuildFile; fileRef = 05CC910B1128C92F001912D5 /* PLSimulatorSDK.m */; };
		05CC911C1128C92F001912D5 /* rpm-vercomp.h in Headers */ = {isa = PBXBuildFile; fileRef = 05CC910D1128C92F001912D5 /* rpm-vercomp.h */; };
		05CC911D1128C92F001912D5 /* rpm-vercomp.m in Sources */ = {isa = PBXBuildFile; fileRef = 05CC910E1128C92F001912D5 /* rpm-vercomp.m */; };
		05CC91321128C981001912D5 /* PLTestCase.m in Sources */ = {isa = PBXBuildFile; fileRef = 0523F67C112699D0004FB4EB /* PLTestCase.m */; };
		05CC91331128C987001912D5 /* PLSimulatorDiscoveryTests.m in Sources */ = {isa = PBXBuildFile; fileRef = 05CC91061128C92F001912D5 /* PLSimulatorDiscoveryTests.m */; };
		05CC91341128C987001912D5 /* PLSimulatorPlatformTests.m in Sources */ = {isa = PBXBuildFile; fileRef = 05CC91091128C92F001912D5 /* PLSimulatorPlatformTests.m */; };
		05CC91351128C987001912D5 /* PLSimulatorSDKTests.m in Sources */ = {isa = PBXBuildFile; fileRef = 05CC910C1128C92F001912D5 /* PLSimulatorSDKTests.m */; };
		05CC91451128C9DA001912D5 /* PLSimulator.framework in Copy Frameworks */ = {isa = PBXBuildFile; fileRef = 05CC90F21128C8C5001912D5 /* PLSimulator.framework */; };
		05CC914B1128C9EA001912D5 /* PLSimulator.framework in Frameworks */ = {isa = PBXBuildFile; fileRef = 05CC90F21128C8C5001912D5 /* PLSimulator.framework */; };
		05CC914D1128C9F0001912D5 /* PLSimulator.framework in Frameworks */ = {isa = PBXBuildFile; fileRef = 05CC90F21128C8C5001912D5 /* PLSimulator.framework */; };
		05CC91521128C9F7001912D5 /* PLSimulator.framework in Copy Frameworks */ = {isa = PBXBuildFile; fileRef = 05CC90F21128C8C5001912D5 /* PLSimulator.framework */; };
		05CC91541128C9FA001912D5 /* PLSimulator.framework in Copy Frameworks */ = {isa = PBXBuildFile; fileRef = 05CC90F21128C8C5001912D5 /* PLSimulator.framework */; };
		05CC91721128CAD4001912D5 /* PLSimulator.framework in Frameworks */ = {isa = PBXBuildFile; fileRef = 05CC90F21128C8C5001912D5 /* PLSimulator.framework */; };
		05CC92111128D249001912D5 /* Tests in Resources */ = {isa = PBXBuildFile; fileRef = 05CC91FB1128D249001912D5 /* Tests */; };
		05CC92151128D38D001912D5 /* PLSimulatorApplicationTests.m in Sources */ = {isa = PBXBuildFile; fileRef = 05CC92141128D38D001912D5 /* PLSimulatorApplicationTests.m */; };
		05CC92601128DA11001912D5 /* PLSimulatorUtils.h in Headers */ = {isa = PBXBuildFile; fileRef = 05CC925E1128DA11001912D5 /* PLSimulatorUtils.h */; };
		05CC92611128DA11001912D5 /* PLSimulatorUtils.m in Sources */ = {isa = PBXBuildFile; fileRef = 05CC925F1128DA11001912D5 /* PLSimulatorUtils.m */; };
		05CC933A1128E3FD001912D5 /* EmbeddedApp in Resources */ = {isa = PBXBuildFile; fileRef = 05CC93371128E3FD001912D5 /* EmbeddedApp */; };
		05CC93C11128ED3D001912D5 /* LauncherSimClient.m in Sources */ = {isa = PBXBuildFile; fileRef = 05CC93C01128ED3D001912D5 /* LauncherSimClient.m */; };
		05CC94BE11290474001912D5 /* ScriptingBridge.framework in Frameworks */ = {isa = PBXBuildFile; fileRef = 05CC94BD11290474001912D5 /* ScriptingBridge.framework */; };
		05CC94EB11290AB9001912D5 /* PLSimulator.framework in Frameworks */ = {isa = PBXBuildFile; fileRef = 05CC90F21128C8C5001912D5 /* PLSimulator.framework */; };
		05CC94EC11290ABB001912D5 /* PLSimulator.framework in Copy Frameworks */ = {isa = PBXBuildFile; fileRef = 05CC90F21128C8C5001912D5 /* PLSimulator.framework */; };
		05CC94F111290ADF001912D5 /* Launcher.app in Resources */ = {isa = PBXBuildFile; fileRef = 8D1107320486CEB800E47090 /* Launcher.app */; };
		05CC950811290BA0001912D5 /* BundlerAppDelegate.m in Sources */ = {isa = PBXBuildFile; fileRef = 05CC950711290BA0001912D5 /* BundlerAppDelegate.m */; };
		05CC950C11290BF5001912D5 /* MainMenu.xib in Resources */ = {isa = PBXBuildFile; fileRef = 05CC950B11290BF5001912D5 /* MainMenu.xib */; };
		05CC951111290CCA001912D5 /* main.m in Sources */ = {isa = PBXBuildFile; fileRef = 05CC951011290CCA001912D5 /* main.m */; };
		05CC959D1129189A001912D5 /* BundlerConfigWindowController.m in Sources */ = {isa = PBXBuildFile; fileRef = 05CC959C1129189A001912D5 /* BundlerConfigWindowController.m */; };
		05CC95A111291990001912D5 /* AppConfig.xib in Resources */ = {isa = PBXBuildFile; fileRef = 05CC95A011291990001912D5 /* AppConfig.xib */; };
		05CC964611292469001912D5 /* BundlerTool.m in Sources */ = {isa = PBXBuildFile; fileRef = 05CC964511292469001912D5 /* BundlerTool.m */; };
		05CC968611292F19001912D5 /* bundle-tool.sh in Copy Executables */ = {isa = PBXBuildFile; fileRef = 05CC967F11292EFE001912D5 /* bundle-tool.sh */; };
		8D11072F0486CEB800E47090 /* Cocoa.framework in Frameworks */ = {isa = PBXBuildFile; fileRef = 1058C7A1FEA54F0111CA2CBB /* Cocoa.framework */; };
/* End PBXBuildFile section */

/* Begin PBXContainerItemProxy section */
		05CC91361128C98E001912D5 /* PBXContainerItemProxy */ = {
			isa = PBXContainerItemProxy;
			containerPortal = 29B97313FDCFA39411CA2CEA /* Project object */;
			proxyType = 1;
			remoteGlobalIDString = 05CC90F11128C8C5001912D5;
			remoteInfo = PLSimulator;
		};
		05CC91481128C9E4001912D5 /* PBXContainerItemProxy */ = {
			isa = PBXContainerItemProxy;
			containerPortal = 29B97313FDCFA39411CA2CEA /* Project object */;
			proxyType = 1;
			remoteGlobalIDString = 05CC90F11128C8C5001912D5;
			remoteInfo = PLSimulator;
		};
		05CC914F1128C9F3001912D5 /* PBXContainerItemProxy */ = {
			isa = PBXContainerItemProxy;
			containerPortal = 29B97313FDCFA39411CA2CEA /* Project object */;
			proxyType = 1;
			remoteGlobalIDString = 05CC90F11128C8C5001912D5;
			remoteInfo = PLSimulator;
		};
		05CC91671128CAAC001912D5 /* PBXContainerItemProxy */ = {
			isa = PBXContainerItemProxy;
			containerPortal = 29B97313FDCFA39411CA2CEA /* Project object */;
			proxyType = 1;
			remoteGlobalIDString = 0523F66811269876004FB4EB;
			remoteInfo = "Launcher Tests";
		};
		05CC91691128CAAD001912D5 /* PBXContainerItemProxy */ = {
			isa = PBXContainerItemProxy;
			containerPortal = 29B97313FDCFA39411CA2CEA /* Project object */;
			proxyType = 1;
			remoteGlobalIDString = 05CC912C1128C974001912D5;
			remoteInfo = "PLSimulator Tests";
		};
		05CC94E111290A82001912D5 /* PBXContainerItemProxy */ = {
			isa = PBXContainerItemProxy;
			containerPortal = 29B97313FDCFA39411CA2CEA /* Project object */;
			proxyType = 1;
			remoteGlobalIDString = 05CC90F11128C8C5001912D5;
			remoteInfo = PLSimulator;
		};
		05CC94EF11290AD5001912D5 /* PBXContainerItemProxy */ = {
			isa = PBXContainerItemProxy;
			containerPortal = 29B97313FDCFA39411CA2CEA /* Project object */;
			proxyType = 1;
			remoteGlobalIDString = 8D1107260486CEB800E47090;
			remoteInfo = Launcher;
		};
		05CC975B11294840001912D5 /* PBXContainerItemProxy */ = {
			isa = PBXContainerItemProxy;
			containerPortal = 29B97313FDCFA39411CA2CEA /* Project object */;
			proxyType = 1;
			remoteGlobalIDString = 05CC91641128CAA8001912D5;
			remoteInfo = Tests;
		};
		05CC975D11294843001912D5 /* PBXContainerItemProxy */ = {
			isa = PBXContainerItemProxy;
			containerPortal = 29B97313FDCFA39411CA2CEA /* Project object */;
			proxyType = 1;
			remoteGlobalIDString = 05CC94D911290A74001912D5;
			remoteInfo = "Simulator Bundler";
		};
/* End PBXContainerItemProxy section */

/* Begin PBXCopyFilesBuildPhase section */
		05CC8F821128B67C001912D5 /* Copy Frameworks */ = {
			isa = PBXCopyFilesBuildPhase;
			buildActionMask = 2147483647;
			dstPath = "";
			dstSubfolderSpec = 10;
			files = (
				05CC91541128C9FA001912D5 /* PLSimulator.framework in Copy Frameworks */,
			);
			name = "Copy Frameworks";
			runOnlyForDeploymentPostprocessing = 0;
		};
		05CC8F831128B67C001912D5 /* Copy Frameworks */ = {
			isa = PBXCopyFilesBuildPhase;
			buildActionMask = 2147483647;
			dstPath = "";
			dstSubfolderSpec = 10;
			files = (
				05CC91521128C9F7001912D5 /* PLSimulator.framework in Copy Frameworks */,
			);
			name = "Copy Frameworks";
			runOnlyForDeploymentPostprocessing = 0;
		};
		05CC91571128CA18001912D5 /* Copy Frameworks */ = {
			isa = PBXCopyFilesBuildPhase;
			buildActionMask = 2147483647;
			dstPath = "";
			dstSubfolderSpec = 10;
			files = (
				05CC91451128C9DA001912D5 /* PLSimulator.framework in Copy Frameworks */,
			);
			name = "Copy Frameworks";
			runOnlyForDeploymentPostprocessing = 0;
		};
		05CC94F511290AE8001912D5 /* Copy Frameworks */ = {
			isa = PBXCopyFilesBuildPhase;
			buildActionMask = 2147483647;
			dstPath = "";
			dstSubfolderSpec = 10;
			files = (
				05CC94EC11290ABB001912D5 /* PLSimulator.framework in Copy Frameworks */,
			);
			name = "Copy Frameworks";
			runOnlyForDeploymentPostprocessing = 0;
		};
		05CC969011292F3F001912D5 /* Copy Executables */ = {
			isa = PBXCopyFilesBuildPhase;
			buildActionMask = 2147483647;
			dstPath = "";
			dstSubfolderSpec = 6;
			files = (
				05CC968611292F19001912D5 /* bundle-tool.sh in Copy Executables */,
			);
			name = "Copy Executables";
			runOnlyForDeploymentPostprocessing = 0;
		};
/* End PBXCopyFilesBuildPhase section */

/* Begin PBXFileReference section */
		0519EF77154075FB00AD2B48 /* PLExecutableBinary.h */ = {isa = PBXFileReference; fileEncoding = 4; lastKnownFileType = sourcecode.c.h; path = PLExecutableBinary.h; sourceTree = "<group>"; };
		0519EF78154075FB00AD2B48 /* PLExecutableBinary.m */ = {isa = PBXFileReference; fileEncoding = 4; lastKnownFileType = sourcecode.c.objc; path = PLExecutableBinary.m; sourceTree = "<group>"; };
		0519EF7C1540779200AD2B48 /* PLExecutableBinaryTests.m */ = {isa = PBXFileReference; fileEncoding = 4; lastKnownFileType = sourcecode.c.objc; path = PLExecutableBinaryTests.m; sourceTree = "<group>"; };
		0519EF7E15407BAD00AD2B48 /* PLUniversalBinary.h */ = {isa = PBXFileReference; fileEncoding = 4; lastKnownFileType = sourcecode.c.h; path = PLUniversalBinary.h; sourceTree = "<group>"; };
		0519EF7F15407BAE00AD2B48 /* PLUniversalBinary.m */ = {isa = PBXFileReference; fileEncoding = 4; lastKnownFileType = sourcecode.c.objc; path = PLUniversalBinary.m; sourceTree = "<group>"; };
		0519EF8315407F2B00AD2B48 /* PLUniversalBinaryTests.m */ = {isa = PBXFileReference; fileEncoding = 4; lastKnownFileType = sourcecode.c.objc; path = PLUniversalBinaryTests.m; sourceTree = "<group>"; };
		0519EF851540817600AD2B48 /* PLMachO.h */ = {isa = PBXFileReference; lastKnownFileType = sourcecode.c.h; path = PLMachO.h; sourceTree = "<group>"; };
		0519EF86154081A000AD2B48 /* PLMachO.m */ = {isa = PBXFileReference; fileEncoding = 4; lastKnownFileType = sourcecode.c.objc; path = PLMachO.m; sourceTree = "<group>"; };
		052259B91129FE2E00A83450 /* Bundler.icns */ = {isa = PBXFileReference; lastKnownFileType = image.icns; path = Bundler.icns; sourceTree = "<group>"; };
		0523F61211269281004FB4EB /* main.m */ = {isa = PBXFileReference; fileEncoding = 4; lastKnownFileType = sourcecode.c.objc; path = main.m; sourceTree = "<group>"; };
		0523F61311269281004FB4EB /* LauncherAppDelegate.h */ = {isa = PBXFileReference; fileEncoding = 4; lastKnownFileType = sourcecode.c.h; path = LauncherAppDelegate.h; sourceTree = "<group>"; };
		0523F61411269281004FB4EB /* LauncherAppDelegate.m */ = {isa = PBXFileReference; fileEncoding = 4; lastKnownFileType = sourcecode.c.objc; path = LauncherAppDelegate.m; sourceTree = "<group>"; };
		0523F61911269298004FB4EB /* English */ = {isa = PBXFileReference; fileEncoding = 4; lastKnownFileType = text.plist.strings; name = English; path = English.lproj/InfoPlist.strings; sourceTree = "<group>"; };
		0523F61B11269298004FB4EB /* English */ = {isa = PBXFileReference; lastKnownFileType = file.xib; name = English; path = English.lproj/MainMenu.xib; sourceTree = "<group>"; };
		0523F61C11269298004FB4EB /* Launcher-Info.plist */ = {isa = PBXFileReference; fileEncoding = 4; lastKnownFileType = text.plist.xml; path = "Launcher-Info.plist"; sourceTree = "<group>"; };
		0523F645112694C8004FB4EB /* iPhoneSimulatorRemoteClient.h */ = {isa = PBXFileReference; fileEncoding = 4; lastKnownFileType = sourcecode.c.h; path = iPhoneSimulatorRemoteClient.h; sourceTree = "<group>"; };
		0523F646112694C8004FB4EB /* README.txt */ = {isa = PBXFileReference; fileEncoding = 4; lastKnownFileType = text; path = README.txt; sourceTree = "<group>"; };
		0523F66911269876004FB4EB /* Launcher Tests.octest */ = {isa = PBXFileReference; explicitFileType = wrapper.cfbundle; includeInIndex = 0; path = "Launcher Tests.octest"; sourceTree = BUILT_PRODUCTS_DIR; };
		0523F66A11269876004FB4EB /* Launcher Tests-Info.plist */ = {isa = PBXFileReference; lastKnownFileType = text.plist.xml; path = "Launcher Tests-Info.plist"; sourceTree = "<group>"; };
		0523F67B112699D0004FB4EB /* PLTestCase.h */ = {isa = PBXFileReference; fileEncoding = 4; lastKnownFileType = sourcecode.c.h; path = PLTestCase.h; sourceTree = "<group>"; };
		0523F67C112699D0004FB4EB /* PLTestCase.m */ = {isa = PBXFileReference; fileEncoding = 4; lastKnownFileType = sourcecode.c.objc; path = PLTestCase.m; sourceTree = "<group>"; };
		054C8117112B9D53006D87F6 /* PLSimulatorDeviceFamily.h */ = {isa = PBXFileReference; fileEncoding = 4; lastKnownFileType = sourcecode.c.h; path = PLSimulatorDeviceFamily.h; sourceTree = "<group>"; };
		054C8118112B9D53006D87F6 /* PLSimulatorDeviceFamily.m */ = {isa = PBXFileReference; fileEncoding = 4; lastKnownFileType = sourcecode.c.objc; path = PLSimulatorDeviceFamily.m; sourceTree = "<group>"; };
		054C811F112B9D89006D87F6 /* PLSimulatorDeviceFamilyTests.m */ = {isa = PBXFileReference; fileEncoding = 4; lastKnownFileType = sourcecode.c.objc; path = PLSimulatorDeviceFamilyTests.m; sourceTree = "<group>"; };
		0579B98718FC1B56002E23AC /* SimulatorHost.h */ = {isa = PBXFileReference; lastKnownFileType = sourcecode.c.h; path = SimulatorHost.h; sourceTree = "<group>"; };
		05CC90F21128C8C5001912D5 /* PLSimulator.framework */ = {isa = PBXFileReference; explicitFileType = wrapper.framework; includeInIndex = 0; path = PLSimulator.framework; sourceTree = BUILT_PRODUCTS_DIR; };
		05CC90FD1128C91A001912D5 /* PLSimulator-Info.plist */ = {isa = PBXFileReference; fileEncoding = 4; lastKnownFileType = text.plist.xml; path = "PLSimulator-Info.plist"; sourceTree = "<group>"; };
		05CC91001128C92F001912D5 /* PLSimulator.h */ = {isa = PBXFileReference; fileEncoding = 4; lastKnownFileType = sourcecode.c.h; path = PLSimulator.h; sourceTree = "<group>"; };
		05CC91011128C92F001912D5 /* PLSimulator.m */ = {isa = PBXFileReference; fileEncoding = 4; lastKnownFileType = sourcecode.c.objc; path = PLSimulator.m; sourceTree = "<group>"; };
		05CC91021128C92F001912D5 /* PLSimulatorApplication.h */ = {isa = PBXFileReference; fileEncoding = 4; lastKnownFileType = sourcecode.c.h; path = PLSimulatorApplication.h; sourceTree = "<group>"; };
		05CC91031128C92F001912D5 /* PLSimulatorApplication.m */ = {isa = PBXFileReference; fileEncoding = 4; lastKnownFileType = sourcecode.c.objc; path = PLSimulatorApplication.m; sourceTree = "<group>"; };
		05CC91041128C92F001912D5 /* PLSimulatorDiscovery.h */ = {isa = PBXFileReference; fileEncoding = 4; lastKnownFileType = sourcecode.c.h; path = PLSimulatorDiscovery.h; sourceTree = "<group>"; };
		05CC91051128C92F001912D5 /* PLSimulatorDiscovery.m */ = {isa = PBXFileReference; fileEncoding = 4; lastKnownFileType = sourcecode.c.objc; path = PLSimulatorDiscovery.m; sourceTree = "<group>"; };
		05CC91061128C92F001912D5 /* PLSimulatorDiscoveryTests.m */ = {isa = PBXFileReference; fileEncoding = 4; lastKnownFileType = sourcecode.c.objc; path = PLSimulatorDiscoveryTests.m; sourceTree = "<group>"; };
		05CC91071128C92F001912D5 /* PLSimulatorPlatform.h */ = {isa = PBXFileReference; fileEncoding = 4; lastKnownFileType = sourcecode.c.h; path = PLSimulatorPlatform.h; sourceTree = "<group>"; };
		05CC91081128C92F001912D5 /* PLSimulatorPlatform.m */ = {isa = PBXFileReference; fileEncoding = 4; lastKnownFileType = sourcecode.c.objc; path = PLSimulatorPlatform.m; sourceTree = "<group>"; };
		05CC91091128C92F001912D5 /* PLSimulatorPlatformTests.m */ = {isa = PBXFileReference; fileEncoding = 4; lastKnownFileType = sourcecode.c.objc; path = PLSimulatorPlatformTests.m; sourceTree = "<group>"; };
		05CC910A1128C92F001912D5 /* PLSimulatorSDK.h */ = {isa = PBXFileReference; fileEncoding = 4; lastKnownFileType = sourcecode.c.h; path = PLSimulatorSDK.h; sourceTree = "<group>"; };
		05CC910B1128C92F001912D5 /* PLSimulatorSDK.m */ = {isa = PBXFileReference; fileEncoding = 4; lastKnownFileType = sourcecode.c.objc; path = PLSimulatorSDK.m; sourceTree = "<group>"; };
		05CC910C1128C92F001912D5 /* PLSimulatorSDKTests.m */ = {isa = PBXFileReference; fileEncoding = 4; lastKnownFileType = sourcecode.c.objc; path = PLSimulatorSDKTests.m; sourceTree = "<group>"; };
		05CC910D1128C92F001912D5 /* rpm-vercomp.h */ = {isa = PBXFileReference; fileEncoding = 4; lastKnownFileType = sourcecode.c.h; path = "rpm-vercomp.h"; sourceTree = "<group>"; };
		05CC910E1128C92F001912D5 /* rpm-vercomp.m */ = {isa = PBXFileReference; fileEncoding = 4; lastKnownFileType = sourcecode.c.objc; path = "rpm-vercomp.m"; sourceTree = "<group>"; };
		05CC912D1128C974001912D5 /* PLSimulator Tests.octest */ = {isa = PBXFileReference; explicitFileType = wrapper.cfbundle; includeInIndex = 0; path = "PLSimulator Tests.octest"; sourceTree = BUILT_PRODUCTS_DIR; };
		05CC913F1128C9A7001912D5 /* PLSimulator Tests-Info.plist */ = {isa = PBXFileReference; fileEncoding = 4; lastKnownFileType = text.plist.xml; path = "PLSimulator Tests-Info.plist"; sourceTree = "<group>"; };
		05CC91FB1128D249001912D5 /* Tests */ = {isa = PBXFileReference; lastKnownFileType = folder; path = Tests; sourceTree = "<group>"; };
		05CC92141128D38D001912D5 /* PLSimulatorApplicationTests.m */ = {isa = PBXFileReference; fileEncoding = 4; lastKnownFileType = sourcecode.c.objc; path = PLSimulatorApplicationTests.m; sourceTree = "<group>"; };
		05CC925E1128DA11001912D5 /* PLSimulatorUtils.h */ = {isa = PBXFileReference; fileEncoding = 4; lastKnownFileType = sourcecode.c.h; path = PLSimulatorUtils.h; sourceTree = "<group>"; };
		05CC925F1128DA11001912D5 /* PLSimulatorUtils.m */ = {isa = PBXFileReference; fileEncoding = 4; lastKnownFileType = sourcecode.c.objc; path = PLSimulatorUtils.m; sourceTree = "<group>"; };
		05CC93371128E3FD001912D5 /* EmbeddedApp */ = {isa = PBXFileReference; lastKnownFileType = folder; path = EmbeddedApp; sourceTree = "<group>"; };
		05CC93BF1128ED3D001912D5 /* LauncherSimClient.h */ = {isa = PBXFileReference; fileEncoding = 4; lastKnownFileType = sourcecode.c.h; path = LauncherSimClient.h; sourceTree = "<group>"; };
		05CC93C01128ED3D001912D5 /* LauncherSimClient.m */ = {isa = PBXFileReference; fileEncoding = 4; lastKnownFileType = sourcecode.c.objc; path = LauncherSimClient.m; sourceTree = "<group>"; };
		05CC94BD11290474001912D5 /* ScriptingBridge.framework */ = {isa = PBXFileReference; lastKnownFileType = wrapper.framework; name = ScriptingBridge.framework; path = System/Library/Frameworks/ScriptingBridge.framework; sourceTree = SDKROOT; };
		05CC94DA11290A74001912D5 /* Simulator Bundler.app */ = {isa = PBXFileReference; explicitFileType = wrapper.application; includeInIndex = 0; path = "Simulator Bundler.app"; sourceTree = BUILT_PRODUCTS_DIR; };
		05CC94FB11290B16001912D5 /* Simulator Bundler-Info.plist */ = {isa = PBXFileReference; fileEncoding = 4; lastKnownFileType = text.plist.xml; path = "Simulator Bundler-Info.plist"; sourceTree = "<group>"; };
		05CC950411290B7C001912D5 /* English */ = {isa = PBXFileReference; lastKnownFileType = file.xib; name = English; path = English.lproj/MainMenu.xib; sourceTree = "<group>"; };
		05CC950611290BA0001912D5 /* BundlerAppDelegate.h */ = {isa = PBXFileReference; fileEncoding = 4; lastKnownFileType = sourcecode.c.h; path = BundlerAppDelegate.h; sourceTree = "<group>"; };
		05CC950711290BA0001912D5 /* BundlerAppDelegate.m */ = {isa = PBXFileReference; fileEncoding = 4; lastKnownFileType = sourcecode.c.objc; path = BundlerAppDelegate.m; sourceTree = "<group>"; };
		05CC951011290CCA001912D5 /* main.m */ = {isa = PBXFileReference; fileEncoding = 4; lastKnownFileType = sourcecode.c.objc; path = main.m; sourceTree = "<group>"; };
		05CC959B1129189A001912D5 /* BundlerConfigWindowController.h */ = {isa = PBXFileReference; fileEncoding = 4; lastKnownFileType = sourcecode.c.h; path = BundlerConfigWindowController.h; sourceTree = "<group>"; };
		05CC959C1129189A001912D5 /* BundlerConfigWindowController.m */ = {isa = PBXFileReference; fileEncoding = 4; lastKnownFileType = sourcecode.c.objc; path = BundlerConfigWindowController.m; sourceTree = "<group>"; };
		05CC959E1129198C001912D5 /* English */ = {isa = PBXFileReference; lastKnownFileType = file.xib; name = English; path = English.lproj/AppConfig.xib; sourceTree = "<group>"; };
		05CC964411292469001912D5 /* BundlerTool.h */ = {isa = PBXFileReference; fileEncoding = 4; lastKnownFileType = sourcecode.c.h; path = BundlerTool.h; sourceTree = "<group>"; };
		05CC964511292469001912D5 /* BundlerTool.m */ = {isa = PBXFileReference; fileEncoding = 4; lastKnownFileType = sourcecode.c.objc; path = BundlerTool.m; sourceTree = "<group>"; };
		05CC967F11292EFE001912D5 /* bundle-tool.sh */ = {isa = PBXFileReference; fileEncoding = 4; lastKnownFileType = text.script.sh; path = "bundle-tool.sh"; sourceTree = "<group>"; };
		1058C7A1FEA54F0111CA2CBB /* Cocoa.framework */ = {isa = PBXFileReference; lastKnownFileType = wrapper.framework; name = Cocoa.framework; path = /System/Library/Frameworks/Cocoa.framework; sourceTree = "<absolute>"; };
		13E42FB307B3F0F600E4EEF1 /* CoreData.framework */ = {isa = PBXFileReference; lastKnownFileType = wrapper.framework; name = CoreData.framework; path = /System/Library/Frameworks/CoreData.framework; sourceTree = "<absolute>"; };
		29B97324FDCFA39411CA2CEA /* AppKit.framework */ = {isa = PBXFileReference; lastKnownFileType = wrapper.framework; name = AppKit.framework; path = /System/Library/Frameworks/AppKit.framework; sourceTree = "<absolute>"; };
		29B97325FDCFA39411CA2CEA /* Foundation.framework */ = {isa = PBXFileReference; lastKnownFileType = wrapper.framework; name = Foundation.framework; path = /System/Library/Frameworks/Foundation.framework; sourceTree = "<absolute>"; };
		8D1107320486CEB800E47090 /* Launcher.app */ = {isa = PBXFileReference; explicitFileType = wrapper.application; includeInIndex = 0; path = Launcher.app; sourceTree = BUILT_PRODUCTS_DIR; };
		FDE954B418E0C008006BEDAB /* DVTiPhoneSimulatorRemoteClient.h */ = {isa = PBXFileReference; fileEncoding = 4; lastKnownFileType = sourcecode.c.h; path = DVTiPhoneSimulatorRemoteClient.h; sourceTree = "<group>"; };
/* End PBXFileReference section */

/* Begin PBXFrameworksBuildPhase section */
		0523F66611269876004FB4EB /* Frameworks */ = {
			isa = PBXFrameworksBuildPhase;
			buildActionMask = 2147483647;
			files = (
				05CC914D1128C9F0001912D5 /* PLSimulator.framework in Frameworks */,
			);
			runOnlyForDeploymentPostprocessing = 0;
		};
		05CC90F01128C8C5001912D5 /* Frameworks */ = {
			isa = PBXFrameworksBuildPhase;
			buildActionMask = 2147483647;
			files = (
			);
			runOnlyForDeploymentPostprocessing = 0;
		};
		05CC912A1128C974001912D5 /* Frameworks */ = {
			isa = PBXFrameworksBuildPhase;
			buildActionMask = 2147483647;
			files = (
				05CC91721128CAD4001912D5 /* PLSimulator.framework in Frameworks */,
			);
			runOnlyForDeploymentPostprocessing = 0;
		};
		05CC94D811290A74001912D5 /* Frameworks */ = {
			isa = PBXFrameworksBuildPhase;
			buildActionMask = 2147483647;
			files = (
				05CC94EB11290AB9001912D5 /* PLSimulator.framework in Frameworks */,
			);
			runOnlyForDeploymentPostprocessing = 0;
		};
		8D11072E0486CEB800E47090 /* Frameworks */ = {
			isa = PBXFrameworksBuildPhase;
			buildActionMask = 2147483647;
			files = (
				05CC914B1128C9EA001912D5 /* PLSimulator.framework in Frameworks */,
				8D11072F0486CEB800E47090 /* Cocoa.framework in Frameworks */,
				05CC94BE11290474001912D5 /* ScriptingBridge.framework in Frameworks */,
			);
			runOnlyForDeploymentPostprocessing = 0;
		};
/* End PBXFrameworksBuildPhase section */

/* Begin PBXGroup section */
		0519EF76154075CD00AD2B48 /* Bundle Loader */ = {
			isa = PBXGroup;
			children = (
				0519EF7E15407BAD00AD2B48 /* PLUniversalBinary.h */,
				0519EF7F15407BAE00AD2B48 /* PLUniversalBinary.m */,
				0519EF8315407F2B00AD2B48 /* PLUniversalBinaryTests.m */,
				0519EF77154075FB00AD2B48 /* PLExecutableBinary.h */,
				0519EF78154075FB00AD2B48 /* PLExecutableBinary.m */,
				0519EF7C1540779200AD2B48 /* PLExecutableBinaryTests.m */,
				0519EF851540817600AD2B48 /* PLMachO.h */,
				0519EF86154081A000AD2B48 /* PLMachO.m */,
			);
			name = "Bundle Loader";
			sourceTree = "<group>";
		};
		0523F61111269281004FB4EB /* Launcher */ = {
			isa = PBXGroup;
			children = (
				0523F61311269281004FB4EB /* LauncherAppDelegate.h */,
				0523F61411269281004FB4EB /* LauncherAppDelegate.m */,
				05CC93BF1128ED3D001912D5 /* LauncherSimClient.h */,
				05CC93C01128ED3D001912D5 /* LauncherSimClient.m */,
				0523F61211269281004FB4EB /* main.m */,
			);
			path = Launcher;
			sourceTree = "<group>";
		};
		0523F61711269298004FB4EB /* Launcher */ = {
			isa = PBXGroup;
			children = (
				05CC93371128E3FD001912D5 /* EmbeddedApp */,
				0523F61811269298004FB4EB /* InfoPlist.strings */,
				0523F61A11269298004FB4EB /* MainMenu.xib */,
				0523F61C11269298004FB4EB /* Launcher-Info.plist */,
				0523F66A11269876004FB4EB /* Launcher Tests-Info.plist */,
			);
			path = Launcher;
			sourceTree = "<group>";
		};
		0523F643112694C8004FB4EB /* Dependencies */ = {
			isa = PBXGroup;
			children = (
				0579B98618FC1B56002E23AC /* SimulatorHost */,
				0523F644112694C8004FB4EB /* iPhoneSimulatorRemoteClient */,
				0523F646112694C8004FB4EB /* README.txt */,
			);
			path = Dependencies;
			sourceTree = "<group>";
		};
		0523F644112694C8004FB4EB /* iPhoneSimulatorRemoteClient */ = {
			isa = PBXGroup;
			children = (
				0523F645112694C8004FB4EB /* iPhoneSimulatorRemoteClient.h */,
				FDE954B418E0C008006BEDAB /* DVTiPhoneSimulatorRemoteClient.h */,
			);
			path = iPhoneSimulatorRemoteClient;
			sourceTree = "<group>";
		};
		0523F67A112699C6004FB4EB /* Test Support */ = {
			isa = PBXGroup;
			children = (
				0523F67B112699D0004FB4EB /* PLTestCase.h */,
				0523F67C112699D0004FB4EB /* PLTestCase.m */,
			);
			name = "Test Support";
			sourceTree = "<group>";
		};
		0579B98618FC1B56002E23AC /* SimulatorHost */ = {
			isa = PBXGroup;
			children = (
				0579B98718FC1B56002E23AC /* SimulatorHost.h */,
			);
			path = SimulatorHost;
			sourceTree = "<group>";
		};
		05CC90FC1128C91A001912D5 /* PLSimulator */ = {
			isa = PBXGroup;
			children = (
				05CC91FB1128D249001912D5 /* Tests */,
				05CC913F1128C9A7001912D5 /* PLSimulator Tests-Info.plist */,
				05CC90FD1128C91A001912D5 /* PLSimulator-Info.plist */,
			);
			path = PLSimulator;
			sourceTree = "<group>";
		};
		05CC90FF1128C92F001912D5 /* PLSimulator Framework */ = {
			isa = PBXGroup;
			children = (
				05CC91001128C92F001912D5 /* PLSimulator.h */,
				05CC91011128C92F001912D5 /* PLSimulator.m */,
				05CC925E1128DA11001912D5 /* PLSimulatorUtils.h */,
				05CC925F1128DA11001912D5 /* PLSimulatorUtils.m */,
				05CC92321128D453001912D5 /* Platform */,
				05CC92331128D47C001912D5 /* SDK */,
				05CC92341128D493001912D5 /* Application */,
				0519EF76154075CD00AD2B48 /* Bundle Loader */,
			);
			name = "PLSimulator Framework";
			path = PLSimulator;
			sourceTree = "<group>";
		};
		05CC92321128D453001912D5 /* Platform */ = {
			isa = PBXGroup;
			children = (
				05CC91071128C92F001912D5 /* PLSimulatorPlatform.h */,
				05CC91081128C92F001912D5 /* PLSimulatorPlatform.m */,
				05CC91091128C92F001912D5 /* PLSimulatorPlatformTests.m */,
				05CC91041128C92F001912D5 /* PLSimulatorDiscovery.h */,
				05CC91051128C92F001912D5 /* PLSimulatorDiscovery.m */,
				05CC91061128C92F001912D5 /* PLSimulatorDiscoveryTests.m */,
				054C8117112B9D53006D87F6 /* PLSimulatorDeviceFamily.h */,
				054C8118112B9D53006D87F6 /* PLSimulatorDeviceFamily.m */,
				054C811F112B9D89006D87F6 /* PLSimulatorDeviceFamilyTests.m */,
				05CC910D1128C92F001912D5 /* rpm-vercomp.h */,
				05CC910E1128C92F001912D5 /* rpm-vercomp.m */,
			);
			name = Platform;
			sourceTree = "<group>";
		};
		05CC92331128D47C001912D5 /* SDK */ = {
			isa = PBXGroup;
			children = (
				05CC910A1128C92F001912D5 /* PLSimulatorSDK.h */,
				05CC910B1128C92F001912D5 /* PLSimulatorSDK.m */,
				05CC910C1128C92F001912D5 /* PLSimulatorSDKTests.m */,
			);
			name = SDK;
			sourceTree = "<group>";
		};
		05CC92341128D493001912D5 /* Application */ = {
			isa = PBXGroup;
			children = (
				05CC91021128C92F001912D5 /* PLSimulatorApplication.h */,
				05CC91031128C92F001912D5 /* PLSimulatorApplication.m */,
				05CC92141128D38D001912D5 /* PLSimulatorApplicationTests.m */,
			);
			name = Application;
			sourceTree = "<group>";
		};
		05CC94D01129099E001912D5 /* Bundler */ = {
			isa = PBXGroup;
			children = (
				05CC950611290BA0001912D5 /* BundlerAppDelegate.h */,
				05CC950711290BA0001912D5 /* BundlerAppDelegate.m */,
				05CC959B1129189A001912D5 /* BundlerConfigWindowController.h */,
				05CC959C1129189A001912D5 /* BundlerConfigWindowController.m */,
				05CC964411292469001912D5 /* BundlerTool.h */,
				05CC964511292469001912D5 /* BundlerTool.m */,
				05CC951011290CCA001912D5 /* main.m */,
				05CC967F11292EFE001912D5 /* bundle-tool.sh */,
			);
			path = Bundler;
			sourceTree = "<group>";
		};
		05CC94FA11290B16001912D5 /* Bundler */ = {
			isa = PBXGroup;
			children = (
				052259B91129FE2E00A83450 /* Bundler.icns */,
				05CC94FB11290B16001912D5 /* Simulator Bundler-Info.plist */,
				05CC950B11290BF5001912D5 /* MainMenu.xib */,
				05CC95A011291990001912D5 /* AppConfig.xib */,
			);
			path = Bundler;
			sourceTree = "<group>";
		};
		080E96DDFE201D6D7F000001 /* Sources */ = {
			isa = PBXGroup;
			children = (
				0523F61111269281004FB4EB /* Launcher */,
				05CC94D01129099E001912D5 /* Bundler */,
				05CC90FF1128C92F001912D5 /* PLSimulator Framework */,
				0523F67A112699C6004FB4EB /* Test Support */,
			);
			name = Sources;
			path = Source;
			sourceTree = "<group>";
		};
		1058C7A0FEA54F0111CA2CBB /* Linked Frameworks */ = {
			isa = PBXGroup;
			children = (
				1058C7A1FEA54F0111CA2CBB /* Cocoa.framework */,
				05CC94BD11290474001912D5 /* ScriptingBridge.framework */,
			);
			name = "Linked Frameworks";
			sourceTree = "<group>";
		};
		1058C7A2FEA54F0111CA2CBB /* Other Frameworks */ = {
			isa = PBXGroup;
			children = (
				29B97324FDCFA39411CA2CEA /* AppKit.framework */,
				13E42FB307B3F0F600E4EEF1 /* CoreData.framework */,
				29B97325FDCFA39411CA2CEA /* Foundation.framework */,
			);
			name = "Other Frameworks";
			sourceTree = "<group>";
		};
		19C28FACFE9D520D11CA2CBB /* Products */ = {
			isa = PBXGroup;
			children = (
				8D1107320486CEB800E47090 /* Launcher.app */,
				0523F66911269876004FB4EB /* Launcher Tests.octest */,
				05CC90F21128C8C5001912D5 /* PLSimulator.framework */,
				05CC912D1128C974001912D5 /* PLSimulator Tests.octest */,
				05CC94DA11290A74001912D5 /* Simulator Bundler.app */,
			);
			name = Products;
			sourceTree = "<group>";
		};
		29B97314FDCFA39411CA2CEA /* SimLauncher */ = {
			isa = PBXGroup;
			children = (
				080E96DDFE201D6D7F000001 /* Sources */,
				29B97317FDCFA39411CA2CEA /* Resources */,
				29B97323FDCFA39411CA2CEA /* Frameworks */,
				0523F643112694C8004FB4EB /* Dependencies */,
				19C28FACFE9D520D11CA2CBB /* Products */,
			);
			name = SimLauncher;
			sourceTree = "<group>";
		};
		29B97317FDCFA39411CA2CEA /* Resources */ = {
			isa = PBXGroup;
			children = (
				05CC90FC1128C91A001912D5 /* PLSimulator */,
				0523F61711269298004FB4EB /* Launcher */,
				05CC94FA11290B16001912D5 /* Bundler */,
			);
			path = Resources;
			sourceTree = "<group>";
		};
		29B97323FDCFA39411CA2CEA /* Frameworks */ = {
			isa = PBXGroup;
			children = (
				1058C7A0FEA54F0111CA2CBB /* Linked Frameworks */,
				1058C7A2FEA54F0111CA2CBB /* Other Frameworks */,
			);
			name = Frameworks;
			sourceTree = "<group>";
		};
/* End PBXGroup section */

/* Begin PBXHeadersBuildPhase section */
		05CC90ED1128C8C5001912D5 /* Headers */ = {
			isa = PBXHeadersBuildPhase;
			buildActionMask = 2147483647;
			files = (
				05CC910F1128C92F001912D5 /* PLSimulator.h in Headers */,
				05CC91111128C92F001912D5 /* PLSimulatorApplication.h in Headers */,
				05CC91131128C92F001912D5 /* PLSimulatorDiscovery.h in Headers */,
				05CC91161128C92F001912D5 /* PLSimulatorPlatform.h in Headers */,
				05CC91191128C92F001912D5 /* PLSimulatorSDK.h in Headers */,
				05CC911C1128C92F001912D5 /* rpm-vercomp.h in Headers */,
				05CC92601128DA11001912D5 /* PLSimulatorUtils.h in Headers */,
				054C8119112B9D53006D87F6 /* PLSimulatorDeviceFamily.h in Headers */,
				0519EF79154075FB00AD2B48 /* PLExecutableBinary.h in Headers */,
				0519EF8015407BAE00AD2B48 /* PLUniversalBinary.h in Headers */,
			);
			runOnlyForDeploymentPostprocessing = 0;
		};
/* End PBXHeadersBuildPhase section */

/* Begin PBXNativeTarget section */
		0523F66811269876004FB4EB /* Launcher Tests */ = {
			isa = PBXNativeTarget;
			buildConfigurationList = 0523F66D11269876004FB4EB /* Build configuration list for PBXNativeTarget "Launcher Tests" */;
			buildPhases = (
				0523F66411269876004FB4EB /* Resources */,
				05CC8F831128B67C001912D5 /* Copy Frameworks */,
				0523F66511269876004FB4EB /* Sources */,
				0523F66611269876004FB4EB /* Frameworks */,
			);
			buildRules = (
			);
			dependencies = (
				05CC91501128C9F3001912D5 /* PBXTargetDependency */,
			);
			name = "Launcher Tests";
			productName = "Launcher Tests";
			productReference = 0523F66911269876004FB4EB /* Launcher Tests.octest */;
			productType = "com.apple.product-type.bundle";
		};
		05CC90F11128C8C5001912D5 /* PLSimulator */ = {
			isa = PBXNativeTarget;
			buildConfigurationList = 05CC90F61128C8C6001912D5 /* Build configuration list for PBXNativeTarget "PLSimulator" */;
			buildPhases = (
				05CC90ED1128C8C5001912D5 /* Headers */,
				05CC90EE1128C8C5001912D5 /* Resources */,
				05CC90EF1128C8C5001912D5 /* Sources */,
				05CC92D41128E190001912D5 /* Fix Install Names */,
				05CC90F01128C8C5001912D5 /* Frameworks */,
			);
			buildRules = (
			);
			dependencies = (
			);
			name = PLSimulator;
			productName = PLSimulator;
			productReference = 05CC90F21128C8C5001912D5 /* PLSimulator.framework */;
			productType = "com.apple.product-type.framework";
		};
		05CC912C1128C974001912D5 /* PLSimulator Tests */ = {
			isa = PBXNativeTarget;
			buildConfigurationList = 05CC91311128C975001912D5 /* Build configuration list for PBXNativeTarget "PLSimulator Tests" */;
			buildPhases = (
				05CC91281128C974001912D5 /* Resources */,
				05CC91571128CA18001912D5 /* Copy Frameworks */,
				05CC91291128C974001912D5 /* Sources */,
				05CC912A1128C974001912D5 /* Frameworks */,
			);
			buildRules = (
			);
			dependencies = (
				05CC91371128C98E001912D5 /* PBXTargetDependency */,
			);
			name = "PLSimulator Tests";
			productName = "PLSimulator Tests";
			productReference = 05CC912D1128C974001912D5 /* PLSimulator Tests.octest */;
			productType = "com.apple.product-type.bundle";
		};
		05CC94D911290A74001912D5 /* Simulator Bundler */ = {
			isa = PBXNativeTarget;
			buildConfigurationList = 05CC94DF11290A75001912D5 /* Build configuration list for PBXNativeTarget "Simulator Bundler" */;
			buildPhases = (
				05CC94D611290A74001912D5 /* Resources */,
				05CC969011292F3F001912D5 /* Copy Executables */,
				05CC94F511290AE8001912D5 /* Copy Frameworks */,
				05CC94D711290A74001912D5 /* Sources */,
				05CC94D811290A74001912D5 /* Frameworks */,
			);
			buildRules = (
			);
			dependencies = (
				05CC94F011290AD5001912D5 /* PBXTargetDependency */,
				05CC94E211290A82001912D5 /* PBXTargetDependency */,
			);
			name = "Simulator Bundler";
			productName = "Simulator Bundler";
			productReference = 05CC94DA11290A74001912D5 /* Simulator Bundler.app */;
			productType = "com.apple.product-type.application";
		};
		8D1107260486CEB800E47090 /* Launcher */ = {
			isa = PBXNativeTarget;
			buildConfigurationList = C01FCF4A08A954540054247B /* Build configuration list for PBXNativeTarget "Launcher" */;
			buildPhases = (
				8D1107290486CEB800E47090 /* Resources */,
				05CC8F821128B67C001912D5 /* Copy Frameworks */,
				8D11072C0486CEB800E47090 /* Sources */,
				8D11072E0486CEB800E47090 /* Frameworks */,
			);
			buildRules = (
			);
			dependencies = (
				05CC91491128C9E4001912D5 /* PBXTargetDependency */,
			);
			name = Launcher;
			productInstallPath = "$(HOME)/Applications";
			productName = SimLauncher;
			productReference = 8D1107320486CEB800E47090 /* Launcher.app */;
			productType = "com.apple.product-type.application";
		};
/* End PBXNativeTarget section */

/* Begin PBXProject section */
		29B97313FDCFA39411CA2CEA /* Project object */ = {
			isa = PBXProject;
			attributes = {
				LastUpgradeCheck = 0510;
			};
			buildConfigurationList = C01FCF4E08A954540054247B /* Build configuration list for PBXProject "SimulatorLauncher" */;
			compatibilityVersion = "Xcode 3.2";
			developmentRegion = English;
			hasScannedForEncodings = 1;
			knownRegions = (
				English,
				Japanese,
				French,
				German,
			);
			mainGroup = 29B97314FDCFA39411CA2CEA /* SimLauncher */;
			projectDirPath = "";
			projectRoot = "";
			targets = (
				05CC975611294830001912D5 /* Disk Image */,
				05CC91641128CAA8001912D5 /* Tests */,
				05CC94D911290A74001912D5 /* Simulator Bundler */,
				8D1107260486CEB800E47090 /* Launcher */,
				05CC90F11128C8C5001912D5 /* PLSimulator */,
				0523F66811269876004FB4EB /* Launcher Tests */,
				05CC912C1128C974001912D5 /* PLSimulator Tests */,
			);
		};
/* End PBXProject section */

/* Begin PBXResourcesBuildPhase section */
		0523F66411269876004FB4EB /* Resources */ = {
			isa = PBXResourcesBuildPhase;
			buildActionMask = 2147483647;
			files = (
			);
			runOnlyForDeploymentPostprocessing = 0;
		};
		05CC90EE1128C8C5001912D5 /* Resources */ = {
			isa = PBXResourcesBuildPhase;
			buildActionMask = 2147483647;
			files = (
			);
			runOnlyForDeploymentPostprocessing = 0;
		};
		05CC91281128C974001912D5 /* Resources */ = {
			isa = PBXResourcesBuildPhase;
			buildActionMask = 2147483647;
			files = (
				05CC92111128D249001912D5 /* Tests in Resources */,
			);
			runOnlyForDeploymentPostprocessing = 0;
		};
		05CC94D611290A74001912D5 /* Resources */ = {
			isa = PBXResourcesBuildPhase;
			buildActionMask = 2147483647;
			files = (
				05CC94F111290ADF001912D5 /* Launcher.app in Resources */,
				05CC950C11290BF5001912D5 /* MainMenu.xib in Resources */,
				05CC95A111291990001912D5 /* AppConfig.xib in Resources */,
				052259BA1129FE2E00A83450 /* Bundler.icns in Resources */,
			);
			runOnlyForDeploymentPostprocessing = 0;
		};
		8D1107290486CEB800E47090 /* Resources */ = {
			isa = PBXResourcesBuildPhase;
			buildActionMask = 2147483647;
			files = (
				0523F61E11269298004FB4EB /* MainMenu.xib in Resources */,
				05CC933A1128E3FD001912D5 /* EmbeddedApp in Resources */,
			);
			runOnlyForDeploymentPostprocessing = 0;
		};
/* End PBXResourcesBuildPhase section */

/* Begin PBXShellScriptBuildPhase section */
		05CC92D41128E190001912D5 /* Fix Install Names */ = {
			isa = PBXShellScriptBuildPhase;
			buildActionMask = 2147483647;
			files = (
			);
			inputPaths = (
			);
			name = "Fix Install Names";
			outputPaths = (
			);
			runOnlyForDeploymentPostprocessing = 0;
			shellPath = /bin/sh;
			shellScript = "BINARY=\"${CONFIGURATION_BUILD_DIR}/${CONTENTS_FOLDER_PATH}/PLSimulator\"\n\ninstall_name_tool -change @loader_path/../Frameworks/PLBlocks.framework/Versions/A/PLBlocks @loader_path/../../../../Frameworks/PLBlocks.framework/Versions/A/PLBlocks \"${BINARY}\"";
		};
		05CC975511294830001912D5 /* Create Disk Image */ = {
			isa = PBXShellScriptBuildPhase;
			buildActionMask = 2147483647;
			files = (
			);
			inputPaths = (
			);
			name = "Create Disk Image";
			outputPaths = (
			);
			runOnlyForDeploymentPostprocessing = 0;
			shellPath = /bin/sh;
			shellScript = "# Set the destroot\nDESTROOT=\"${BUILT_PRODUCTS_DIR}/${PRODUCT_NAME} ${CURRENT_PROJECT_VERSION}\"\nmkdir -p \"${DESTROOT}\"\n\n# Populate the destroot\ntar -C \"${BUILD_DIR}/${CONFIGURATION}\" -cf - \"Simulator Bundler.app\" | tar -C \"${DESTROOT}\" -xf -\ncp \"${SOURCE_ROOT}/README.md\" \"${DESTROOT}\"\n\n# Create the disk image\nrm -f \"${DESTROOT}.dmg\"\nhdiutil create -srcfolder \"${DESTROOT}\" \"${DESTROOT}.dmg\"";
		};
/* End PBXShellScriptBuildPhase section */

/* Begin PBXSourcesBuildPhase section */
		0523F66511269876004FB4EB /* Sources */ = {
			isa = PBXSourcesBuildPhase;
			buildActionMask = 2147483647;
			files = (
				0523F67D112699D0004FB4EB /* PLTestCase.m in Sources */,
			);
			runOnlyForDeploymentPostprocessing = 0;
		};
		05CC90EF1128C8C5001912D5 /* Sources */ = {
			isa = PBXSourcesBuildPhase;
			buildActionMask = 2147483647;
			files = (
				05CC91101128C92F001912D5 /* PLSimulator.m in Sources */,
				05CC91121128C92F001912D5 /* PLSimulatorApplication.m in Sources */,
				05CC91141128C92F001912D5 /* PLSimulatorDiscovery.m in Sources */,
				05CC91171128C92F001912D5 /* PLSimulatorPlatform.m in Sources */,
				05CC911A1128C92F001912D5 /* PLSimulatorSDK.m in Sources */,
				05CC911D1128C92F001912D5 /* rpm-vercomp.m in Sources */,
				05CC92611128DA11001912D5 /* PLSimulatorUtils.m in Sources */,
				054C811A112B9D53006D87F6 /* PLSimulatorDeviceFamily.m in Sources */,
				0519EF7A154075FB00AD2B48 /* PLExecutableBinary.m in Sources */,
				0519EF8115407BAE00AD2B48 /* PLUniversalBinary.m in Sources */,
				0519EF87154081A000AD2B48 /* PLMachO.m in Sources */,
			);
			runOnlyForDeploymentPostprocessing = 0;
		};
		05CC91291128C974001912D5 /* Sources */ = {
			isa = PBXSourcesBuildPhase;
			buildActionMask = 2147483647;
			files = (
				05CC91331128C987001912D5 /* PLSimulatorDiscoveryTests.m in Sources */,
				05CC91341128C987001912D5 /* PLSimulatorPlatformTests.m in Sources */,
				05CC91351128C987001912D5 /* PLSimulatorSDKTests.m in Sources */,
				05CC91321128C981001912D5 /* PLTestCase.m in Sources */,
				05CC92151128D38D001912D5 /* PLSimulatorApplicationTests.m in Sources */,
				054C8120112B9D89006D87F6 /* PLSimulatorDeviceFamilyTests.m in Sources */,
				0519EF7D1540779200AD2B48 /* PLExecutableBinaryTests.m in Sources */,
				0519EF8415407F2B00AD2B48 /* PLUniversalBinaryTests.m in Sources */,
			);
			runOnlyForDeploymentPostprocessing = 0;
		};
		05CC94D711290A74001912D5 /* Sources */ = {
			isa = PBXSourcesBuildPhase;
			buildActionMask = 2147483647;
			files = (
				05CC950811290BA0001912D5 /* BundlerAppDelegate.m in Sources */,
				05CC951111290CCA001912D5 /* main.m in Sources */,
				05CC959D1129189A001912D5 /* BundlerConfigWindowController.m in Sources */,
				05CC964611292469001912D5 /* BundlerTool.m in Sources */,
			);
			runOnlyForDeploymentPostprocessing = 0;
		};
		8D11072C0486CEB800E47090 /* Sources */ = {
			isa = PBXSourcesBuildPhase;
			buildActionMask = 2147483647;
			files = (
				0523F61511269281004FB4EB /* main.m in Sources */,
				0523F61611269281004FB4EB /* LauncherAppDelegate.m in Sources */,
				05CC93C11128ED3D001912D5 /* LauncherSimClient.m in Sources */,
			);
			runOnlyForDeploymentPostprocessing = 0;
		};
/* End PBXSourcesBuildPhase section */

/* Begin PBXTargetDependency section */
		05CC91371128C98E001912D5 /* PBXTargetDependency */ = {
			isa = PBXTargetDependency;
			target = 05CC90F11128C8C5001912D5 /* PLSimulator */;
			targetProxy = 05CC91361128C98E001912D5 /* PBXContainerItemProxy */;
		};
		05CC91491128C9E4001912D5 /* PBXTargetDependency */ = {
			isa = PBXTargetDependency;
			target = 05CC90F11128C8C5001912D5 /* PLSimulator */;
			targetProxy = 05CC91481128C9E4001912D5 /* PBXContainerItemProxy */;
		};
		05CC91501128C9F3001912D5 /* PBXTargetDependency */ = {
			isa = PBXTargetDependency;
			target = 05CC90F11128C8C5001912D5 /* PLSimulator */;
			targetProxy = 05CC914F1128C9F3001912D5 /* PBXContainerItemProxy */;
		};
		05CC91681128CAAC001912D5 /* PBXTargetDependency */ = {
			isa = PBXTargetDependency;
			target = 0523F66811269876004FB4EB /* Launcher Tests */;
			targetProxy = 05CC91671128CAAC001912D5 /* PBXContainerItemProxy */;
		};
		05CC916A1128CAAD001912D5 /* PBXTargetDependency */ = {
			isa = PBXTargetDependency;
			target = 05CC912C1128C974001912D5 /* PLSimulator Tests */;
			targetProxy = 05CC91691128CAAD001912D5 /* PBXContainerItemProxy */;
		};
		05CC94E211290A82001912D5 /* PBXTargetDependency */ = {
			isa = PBXTargetDependency;
			target = 05CC90F11128C8C5001912D5 /* PLSimulator */;
			targetProxy = 05CC94E111290A82001912D5 /* PBXContainerItemProxy */;
		};
		05CC94F011290AD5001912D5 /* PBXTargetDependency */ = {
			isa = PBXTargetDependency;
			target = 8D1107260486CEB800E47090 /* Launcher */;
			targetProxy = 05CC94EF11290AD5001912D5 /* PBXContainerItemProxy */;
		};
		05CC975C11294840001912D5 /* PBXTargetDependency */ = {
			isa = PBXTargetDependency;
			target = 05CC91641128CAA8001912D5 /* Tests */;
			targetProxy = 05CC975B11294840001912D5 /* PBXContainerItemProxy */;
		};
		05CC975E11294843001912D5 /* PBXTargetDependency */ = {
			isa = PBXTargetDependency;
			target = 05CC94D911290A74001912D5 /* Simulator Bundler */;
			targetProxy = 05CC975D11294843001912D5 /* PBXContainerItemProxy */;
		};
/* End PBXTargetDependency section */

/* Begin PBXVariantGroup section */
		0523F61811269298004FB4EB /* InfoPlist.strings */ = {
			isa = PBXVariantGroup;
			children = (
				0523F61911269298004FB4EB /* English */,
			);
			name = InfoPlist.strings;
			sourceTree = "<group>";
		};
		0523F61A11269298004FB4EB /* MainMenu.xib */ = {
			isa = PBXVariantGroup;
			children = (
				0523F61B11269298004FB4EB /* English */,
			);
			name = MainMenu.xib;
			sourceTree = "<group>";
		};
		05CC950B11290BF5001912D5 /* MainMenu.xib */ = {
			isa = PBXVariantGroup;
			children = (
				05CC950411290B7C001912D5 /* English */,
			);
			name = MainMenu.xib;
			sourceTree = "<group>";
		};
		05CC95A011291990001912D5 /* AppConfig.xib */ = {
			isa = PBXVariantGroup;
			children = (
				05CC959E1129198C001912D5 /* English */,
			);
			name = AppConfig.xib;
			sourceTree = "<group>";
		};
/* End PBXVariantGroup section */

/* Begin XCBuildConfiguration section */
		0523F66B11269876004FB4EB /* Debug */ = {
			isa = XCBuildConfiguration;
			buildSettings = {
				ALWAYS_SEARCH_USER_PATHS = NO;
				ARCHS = "$(ARCHS_STANDARD_64_BIT)";
				COMBINE_HIDPI_IMAGES = YES;
				COPY_PHASE_STRIP = NO;
				FRAMEWORK_SEARCH_PATHS = (
					"$(DEVELOPER_LIBRARY_DIR)/Frameworks",
					"\"$(SRCROOT)/Dependencies\"",
				);
				GCC_DYNAMIC_NO_PIC = NO;
				GCC_ENABLE_OBJC_EXCEPTIONS = YES;
				GCC_MODEL_TUNING = G5;
				GCC_OPTIMIZATION_LEVEL = 0;
				INFOPLIST_FILE = "Resources/Launcher/Launcher Tests-Info.plist";
				INSTALL_PATH = "$(USER_LIBRARY_DIR)/Bundles";
				OTHER_LDFLAGS = (
					"-framework",
					Cocoa,
					"-framework",
					SenTestingKit,
				);
				PRODUCT_NAME = "Launcher Tests";
				WRAPPER_EXTENSION = octest;
			};
			name = Debug;
		};
		0523F66C11269876004FB4EB /* Release */ = {
			isa = XCBuildConfiguration;
			buildSettings = {
				ALWAYS_SEARCH_USER_PATHS = NO;
				ARCHS = "$(ARCHS_STANDARD_64_BIT)";
				COMBINE_HIDPI_IMAGES = YES;
				COPY_PHASE_STRIP = YES;
				DEBUG_INFORMATION_FORMAT = "dwarf-with-dsym";
				FRAMEWORK_SEARCH_PATHS = (
					"$(DEVELOPER_LIBRARY_DIR)/Frameworks",
					"\"$(SRCROOT)/Dependencies\"",
				);
				GCC_ENABLE_OBJC_EXCEPTIONS = YES;
				GCC_MODEL_TUNING = G5;
				INFOPLIST_FILE = "Resources/Launcher/Launcher Tests-Info.plist";
				INSTALL_PATH = "$(USER_LIBRARY_DIR)/Bundles";
				OTHER_LDFLAGS = (
					"-framework",
					Cocoa,
					"-framework",
					SenTestingKit,
				);
				PRODUCT_NAME = "Launcher Tests";
				WRAPPER_EXTENSION = octest;
				ZERO_LINK = NO;
			};
			name = Release;
		};
		05CC90F41128C8C6001912D5 /* Debug */ = {
			isa = XCBuildConfiguration;
			buildSettings = {
				ALWAYS_SEARCH_USER_PATHS = NO;
				ARCHS = "$(ARCHS_STANDARD_64_BIT)";
				CLANG_ENABLE_OBJC_ARC = YES;
				COMBINE_HIDPI_IMAGES = YES;
				COPY_PHASE_STRIP = NO;
				DYLIB_COMPATIBILITY_VERSION = 1;
				DYLIB_CURRENT_VERSION = 1;
				FRAMEWORK_SEARCH_PATHS = (
					"$(inherited)",
					"\"$(SRCROOT)/Dependencies\"",
				);
				FRAMEWORK_VERSION = A;
				GCC_DYNAMIC_NO_PIC = NO;
				GCC_MODEL_TUNING = G5;
				GCC_OPTIMIZATION_LEVEL = 0;
				INFOPLIST_FILE = "Resources/PLSimulator/PLSimulator-Info.plist";
				INSTALL_PATH = "@loader_path/../Frameworks";
				OTHER_LDFLAGS = (
					"-framework",
					Foundation,
					"-framework",
					AppKit,
				);
				PRODUCT_NAME = PLSimulator;
			};
			name = Debug;
		};
		05CC90F51128C8C6001912D5 /* Release */ = {
			isa = XCBuildConfiguration;
			buildSettings = {
				ALWAYS_SEARCH_USER_PATHS = NO;
				ARCHS = "$(ARCHS_STANDARD_64_BIT)";
				CLANG_ENABLE_OBJC_ARC = YES;
				COMBINE_HIDPI_IMAGES = YES;
				COPY_PHASE_STRIP = YES;
				DEBUG_INFORMATION_FORMAT = "dwarf-with-dsym";
				DYLIB_COMPATIBILITY_VERSION = 1;
				DYLIB_CURRENT_VERSION = 1;
				FRAMEWORK_SEARCH_PATHS = (
					"$(inherited)",
					"\"$(SRCROOT)/Dependencies\"",
				);
				FRAMEWORK_VERSION = A;
				GCC_MODEL_TUNING = G5;
				INFOPLIST_FILE = "Resources/PLSimulator/PLSimulator-Info.plist";
				INSTALL_PATH = "@loader_path/../Frameworks";
				OTHER_LDFLAGS = (
					"-framework",
					Foundation,
					"-framework",
					AppKit,
				);
				PRODUCT_NAME = PLSimulator;
				ZERO_LINK = NO;
			};
			name = Release;
		};
		05CC912F1128C975001912D5 /* Debug */ = {
			isa = XCBuildConfiguration;
			buildSettings = {
				ALWAYS_SEARCH_USER_PATHS = NO;
				ARCHS = "$(ARCHS_STANDARD_64_BIT)";
				COMBINE_HIDPI_IMAGES = YES;
				COPY_PHASE_STRIP = NO;
				FRAMEWORK_SEARCH_PATHS = (
					"$(DEVELOPER_LIBRARY_DIR)/Frameworks",
					"\"$(SRCROOT)/Dependencies\"",
				);
				GCC_DYNAMIC_NO_PIC = NO;
				GCC_ENABLE_OBJC_EXCEPTIONS = YES;
				GCC_MODEL_TUNING = G5;
				GCC_OPTIMIZATION_LEVEL = 0;
				INFOPLIST_FILE = "Resources/PLSimulator/PLSimulator Tests-Info.plist";
				INSTALL_PATH = "$(USER_LIBRARY_DIR)/Bundles";
				OTHER_LDFLAGS = (
					"-framework",
					Cocoa,
					"-framework",
					SenTestingKit,
				);
				PRODUCT_NAME = "PLSimulator Tests";
				WRAPPER_EXTENSION = octest;
			};
			name = Debug;
		};
		05CC91301128C975001912D5 /* Release */ = {
			isa = XCBuildConfiguration;
			buildSettings = {
				ALWAYS_SEARCH_USER_PATHS = NO;
				ARCHS = "$(ARCHS_STANDARD_64_BIT)";
				COMBINE_HIDPI_IMAGES = YES;
				COPY_PHASE_STRIP = YES;
				DEBUG_INFORMATION_FORMAT = "dwarf-with-dsym";
				FRAMEWORK_SEARCH_PATHS = (
					"$(DEVELOPER_LIBRARY_DIR)/Frameworks",
					"\"$(SRCROOT)/Dependencies\"",
				);
				GCC_ENABLE_OBJC_EXCEPTIONS = YES;
				GCC_MODEL_TUNING = G5;
				INFOPLIST_FILE = "Resources/PLSimulator/PLSimulator Tests-Info.plist";
				INSTALL_PATH = "$(USER_LIBRARY_DIR)/Bundles";
				OTHER_LDFLAGS = (
					"-framework",
					Cocoa,
					"-framework",
					SenTestingKit,
				);
				PRODUCT_NAME = "PLSimulator Tests";
				WRAPPER_EXTENSION = octest;
				ZERO_LINK = NO;
			};
			name = Release;
		};
		05CC91651128CAA8001912D5 /* Debug */ = {
			isa = XCBuildConfiguration;
			buildSettings = {
				COMBINE_HIDPI_IMAGES = YES;
				COPY_PHASE_STRIP = NO;
				GCC_DYNAMIC_NO_PIC = NO;
				GCC_OPTIMIZATION_LEVEL = 0;
				PRODUCT_NAME = Tests;
			};
			name = Debug;
		};
		05CC91661128CAA8001912D5 /* Release */ = {
			isa = XCBuildConfiguration;
			buildSettings = {
				COMBINE_HIDPI_IMAGES = YES;
				COPY_PHASE_STRIP = YES;
				DEBUG_INFORMATION_FORMAT = "dwarf-with-dsym";
				PRODUCT_NAME = Tests;
				ZERO_LINK = NO;
			};
			name = Release;
		};
		05CC94DD11290A75001912D5 /* Debug */ = {
			isa = XCBuildConfiguration;
			buildSettings = {
				ALWAYS_SEARCH_USER_PATHS = NO;
				ARCHS = "$(ARCHS_STANDARD_64_BIT)";
				CLANG_ENABLE_OBJC_ARC = YES;
				COMBINE_HIDPI_IMAGES = YES;
				COPY_PHASE_STRIP = NO;
				FRAMEWORK_SEARCH_PATHS = (
					"$(inherited)",
					"\"$(SRCROOT)/Dependencies\"",
				);
				GCC_DYNAMIC_NO_PIC = NO;
				GCC_MODEL_TUNING = G5;
				GCC_OPTIMIZATION_LEVEL = 0;
				GCC_PRECOMPILE_PREFIX_HEADER = YES;
				GCC_PREFIX_HEADER = "$(SYSTEM_LIBRARY_DIR)/Frameworks/AppKit.framework/Headers/AppKit.h";
				INFOPLIST_FILE = "Resources/Bundler/Simulator Bundler-Info.plist";
				INSTALL_PATH = "$(HOME)/Applications";
				OTHER_LDFLAGS = (
					"-framework",
					Foundation,
					"-framework",
					AppKit,
				);
				PRODUCT_NAME = "Simulator Bundler";
			};
			name = Debug;
		};
		05CC94DE11290A75001912D5 /* Release */ = {
			isa = XCBuildConfiguration;
			buildSettings = {
				ALWAYS_SEARCH_USER_PATHS = NO;
				ARCHS = "$(ARCHS_STANDARD_64_BIT)";
				CLANG_ENABLE_OBJC_ARC = YES;
				COMBINE_HIDPI_IMAGES = YES;
				COPY_PHASE_STRIP = YES;
				DEBUG_INFORMATION_FORMAT = "dwarf-with-dsym";
				FRAMEWORK_SEARCH_PATHS = (
					"$(inherited)",
					"\"$(SRCROOT)/Dependencies\"",
				);
				GCC_MODEL_TUNING = G5;
				GCC_PRECOMPILE_PREFIX_HEADER = YES;
				GCC_PREFIX_HEADER = "$(SYSTEM_LIBRARY_DIR)/Frameworks/AppKit.framework/Headers/AppKit.h";
				INFOPLIST_FILE = "Resources/Bundler/Simulator Bundler-Info.plist";
				INSTALL_PATH = "$(HOME)/Applications";
				OTHER_LDFLAGS = (
					"-framework",
					Foundation,
					"-framework",
					AppKit,
				);
				PRODUCT_NAME = "Simulator Bundler";
				ZERO_LINK = NO;
			};
			name = Release;
		};
		05CC975711294831001912D5 /* Debug */ = {
			isa = XCBuildConfiguration;
			buildSettings = {
				COMBINE_HIDPI_IMAGES = YES;
				COPY_PHASE_STRIP = NO;
				GCC_DYNAMIC_NO_PIC = NO;
				GCC_OPTIMIZATION_LEVEL = 0;
				PRODUCT_NAME = "Simulator Launcher";
			};
			name = Debug;
		};
		05CC975811294831001912D5 /* Release */ = {
			isa = XCBuildConfiguration;
			buildSettings = {
				COMBINE_HIDPI_IMAGES = YES;
				COPY_PHASE_STRIP = YES;
				DEBUG_INFORMATION_FORMAT = "dwarf-with-dsym";
				PRODUCT_NAME = "Simulator Launcher";
				ZERO_LINK = NO;
			};
			name = Release;
		};
		C01FCF4B08A954540054247B /* Debug */ = {
			isa = XCBuildConfiguration;
			buildSettings = {
				ALWAYS_SEARCH_USER_PATHS = NO;
				ARCHS = "$(ARCHS_STANDARD_64_BIT)";
				CLANG_ENABLE_OBJC_ARC = YES;
				COMBINE_HIDPI_IMAGES = YES;
				COPY_PHASE_STRIP = NO;
				FRAMEWORK_SEARCH_PATHS = (
					"$(inherited)",
					"\"$(SRCROOT)/Dependencies\"",
				);
				GCC_DYNAMIC_NO_PIC = NO;
				GCC_MODEL_TUNING = G5;
				GCC_OPTIMIZATION_LEVEL = 0;
				INFOPLIST_FILE = "Resources/Launcher/Launcher-Info.plist";
				INSTALL_PATH = "$(HOME)/Applications";
				PRODUCT_NAME = Launcher;
			};
			name = Debug;
		};
		C01FCF4C08A954540054247B /* Release */ = {
			isa = XCBuildConfiguration;
			buildSettings = {
				ALWAYS_SEARCH_USER_PATHS = NO;
				ARCHS = "$(ARCHS_STANDARD_64_BIT)";
				CLANG_ENABLE_OBJC_ARC = YES;
				COMBINE_HIDPI_IMAGES = YES;
				DEBUG_INFORMATION_FORMAT = "dwarf-with-dsym";
				FRAMEWORK_SEARCH_PATHS = (
					"$(inherited)",
					"\"$(SRCROOT)/Dependencies\"",
				);
				GCC_MODEL_TUNING = G5;
				INFOPLIST_FILE = "Resources/Launcher/Launcher-Info.plist";
				INSTALL_PATH = "$(HOME)/Applications";
				PRODUCT_NAME = Launcher;
			};
			name = Release;
		};
		C01FCF4F08A954540054247B /* Debug */ = {
			isa = XCBuildConfiguration;
			buildSettings = {
				ARCHS = "$(ARCHS_STANDARD_32_64_BIT)";
				CURRENT_PROJECT_VERSION = 1.1;
				GCC_C_LANGUAGE_STANDARD = gnu99;
				GCC_OPTIMIZATION_LEVEL = 0;
				GCC_WARN_ABOUT_RETURN_TYPE = YES;
				GCC_WARN_UNUSED_VARIABLE = YES;
				MACOSX_DEPLOYMENT_TARGET = 10.7;
				ONLY_ACTIVE_ARCH = YES;
				SDKROOT = macosx;
				TEST_AFTER_BUILD = YES;
				WARNING_CFLAGS = (
					"-Wall",
					"-Wextra",
					"-Werror",
					"-Wno-unused-parameter",
					"-Wundeclared-selector",
					"-Wstrict-selector-match",
				);
			};
			name = Debug;
		};
		C01FCF5008A954540054247B /* Release */ = {
			isa = XCBuildConfiguration;
			buildSettings = {
				ARCHS = "$(ARCHS_STANDARD_32_64_BIT)";
				CURRENT_PROJECT_VERSION = 1.1;
				GCC_C_LANGUAGE_STANDARD = gnu99;
				GCC_WARN_ABOUT_RETURN_TYPE = YES;
				GCC_WARN_UNUSED_VARIABLE = YES;
				MACOSX_DEPLOYMENT_TARGET = 10.7;
				SDKROOT = macosx;
				TEST_AFTER_BUILD = YES;
				WARNING_CFLAGS = (
					"-Wall",
					"-Wextra",
					"-Werror",
					"-Wno-unused-parameter",
					"-Wundeclared-selector",
					"-Wstrict-selector-match",
				);
			};
			name = Release;
		};
/* End XCBuildConfiguration section */

/* Begin XCConfigurationList section */
		0523F66D11269876004FB4EB /* Build configuration list for PBXNativeTarget "Launcher Tests" */ = {
			isa = XCConfigurationList;
			buildConfigurations = (
				0523F66B11269876004FB4EB /* Debug */,
				0523F66C11269876004FB4EB /* Release */,
			);
			defaultConfigurationIsVisible = 0;
			defaultConfigurationName = Release;
		};
		05CC90F61128C8C6001912D5 /* Build configuration list for PBXNativeTarget "PLSimulator" */ = {
			isa = XCConfigurationList;
			buildConfigurations = (
				05CC90F41128C8C6001912D5 /* Debug */,
				05CC90F51128C8C6001912D5 /* Release */,
			);
			defaultConfigurationIsVisible = 0;
			defaultConfigurationName = Release;
		};
		05CC91311128C975001912D5 /* Build configuration list for PBXNativeTarget "PLSimulator Tests" */ = {
			isa = XCConfigurationList;
			buildConfigurations = (
				05CC912F1128C975001912D5 /* Debug */,
				05CC91301128C975001912D5 /* Release */,
			);
			defaultConfigurationIsVisible = 0;
			defaultConfigurationName = Release;
		};
		05CC91771128CAF2001912D5 /* Build configuration list for PBXAggregateTarget "Tests" */ = {
			isa = XCConfigurationList;
			buildConfigurations = (
				05CC91651128CAA8001912D5 /* Debug */,
				05CC91661128CAA8001912D5 /* Release */,
			);
			defaultConfigurationIsVisible = 0;
			defaultConfigurationName = Release;
		};
		05CC94DF11290A75001912D5 /* Build configuration list for PBXNativeTarget "Simulator Bundler" */ = {
			isa = XCConfigurationList;
			buildConfigurations = (
				05CC94DD11290A75001912D5 /* Debug */,
				05CC94DE11290A75001912D5 /* Release */,
			);
			defaultConfigurationIsVisible = 0;
			defaultConfigurationName = Release;
		};
		05CC97611129484E001912D5 /* Build configuration list for PBXAggregateTarget "Disk Image" */ = {
			isa = XCConfigurationList;
			buildConfigurations = (
				05CC975711294831001912D5 /* Debug */,
				05CC975811294831001912D5 /* Release */,
			);
			defaultConfigurationIsVisible = 0;
			defaultConfigurationName = Release;
		};
		C01FCF4A08A954540054247B /* Build configuration list for PBXNativeTarget "Launcher" */ = {
			isa = XCConfigurationList;
			buildConfigurations = (
				C01FCF4B08A954540054247B /* Debug */,
				C01FCF4C08A954540054247B /* Release */,
			);
			defaultConfigurationIsVisible = 0;
			defaultConfigurationName = Release;
		};
		C01FCF4E08A954540054247B /* Build configuration list for PBXProject "SimulatorLauncher" */ = {
			isa = XCConfigurationList;
			buildConfigurations = (
				C01FCF4F08A954540054247B /* Debug */,
				C01FCF5008A954540054247B /* Release */,
			);
			defaultConfigurationIsVisible = 0;
			defaultConfigurationName = Release;
		};
/* End XCConfigurationList section */
	};
	rootObject = 29B97313FDCFA39411CA2CEA /* Project object */;
}
